
Microsoft Visual Studio Solution File, Format Version 12.00
# Visual Studio Version 17
VisualStudioVersion = 17.5.33414.496
MinimumVisualStudioVersion = 10.0.40219.1
Project("{FAE04EC0-301F-11D3-BF4B-00C04F79EFBC}") = "BankingSystem", "BankingSystem\BankingSystem.csproj", "{BCF8D01C-C93F-4504-891B-5E0CC17F7278}"
EndProject
Global
	GlobalSection(SolutionConfigurationPlatforms) = preSolution
		Debug|Any CPU = Debug|Any CPU
		Release|Any CPU = Release|Any CPU
	EndGlobalSection
	GlobalSection(ProjectConfigurationPlatforms) = postSolution
		{BCF8D01C-C93F-4504-891B-5E0CC17F7278}.Debug|Any CPU.ActiveCfg = Debug|Any CPU
		{BCF8D01C-C93F-4504-891B-5E0CC17F7278}.Debug|Any CPU.Build.0 = Debug|Any CPU
		{BCF8D01C-C93F-4504-891B-5E0CC17F7278}.Release|Any CPU.ActiveCfg = Release|Any CPU
		{BCF8D01C-C93F-4504-891B-5E0CC17F7278}.Release|Any CPU.Build.0 = Release|Any CPU
	EndGlobalSection
	GlobalSection(SolutionProperties) = preSolution
		HideSolutionNode = FALSE
	EndGlobalSection
	GlobalSection(ExtensibilityGlobals) = postSolution
		SolutionGuid = {F3BFF8AF-9BB9-4ECB-A005-220D45692E2A}
	EndGlobalSection
EndGlobal
